
Microsoft Visual Studio Solution File, Format Version 12.00
# Visual Studio 14
VisualStudioVersion = 14.0.23107.0
MinimumVisualStudioVersion = 10.0.40219.1
Project("{F088123C-0E9E-452A-89E6-6BA2F21D5CAC}") = "RadioModel", "RadioModel\RadioModel.modelproj", "{A4759FD3-8206-4A6E-A264-BC661D91FC71}"
EndProject
Project("{FAE04EC0-301F-11D3-BF4B-00C04F79EFBC}") = "RadioSystemTest", "RadioSystemTest\RadioSystemTest.csproj", "{776DB253-42B2-4F8A-92D6-D3F2A31D5F3C}"
EndProject
Project("{FAE04EC0-301F-11D3-BF4B-00C04F79EFBC}") = "RadioModelLib", "RadioModelLib\RadioModelLib.csproj", "{0162C727-8D9E-4752-B468-2B38BD7C4217}"
EndProject
Global
	GlobalSection(SolutionConfigurationPlatforms) = preSolution
		Debug|Any CPU = Debug|Any CPU
		Release|Any CPU = Release|Any CPU
	EndGlobalSection
	GlobalSection(ProjectConfigurationPlatforms) = postSolution
		{A4759FD3-8206-4A6E-A264-BC661D91FC71}.Debug|Any CPU.ActiveCfg = Debug|Any CPU
		{A4759FD3-8206-4A6E-A264-BC661D91FC71}.Debug|Any CPU.Build.0 = Debug|Any CPU
		{A4759FD3-8206-4A6E-A264-BC661D91FC71}.Release|Any CPU.ActiveCfg = Release|Any CPU
		{A4759FD3-8206-4A6E-A264-BC661D91FC71}.Release|Any CPU.Build.0 = Release|Any CPU
		{776DB253-42B2-4F8A-92D6-D3F2A31D5F3C}.Debug|Any CPU.ActiveCfg = Debug|Any CPU
		{776DB253-42B2-4F8A-92D6-D3F2A31D5F3C}.Debug|Any CPU.Build.0 = Debug|Any CPU
		{776DB253-42B2-4F8A-92D6-D3F2A31D5F3C}.Release|Any CPU.ActiveCfg = Release|Any CPU
		{776DB253-42B2-4F8A-92D6-D3F2A31D5F3C}.Release|Any CPU.Build.0 = Release|Any CPU
		{0162C727-8D9E-4752-B468-2B38BD7C4217}.Debug|Any CPU.ActiveCfg = Debug|Any CPU
		{0162C727-8D9E-4752-B468-2B38BD7C4217}.Debug|Any CPU.Build.0 = Debug|Any CPU
		{0162C727-8D9E-4752-B468-2B38BD7C4217}.Release|Any CPU.ActiveCfg = Release|Any CPU
		{0162C727-8D9E-4752-B468-2B38BD7C4217}.Release|Any CPU.Build.0 = Release|Any CPU
	EndGlobalSection
	GlobalSection(SolutionProperties) = preSolution
		HideSolutionNode = FALSE
	EndGlobalSection
EndGlobal
